
Microsoft Visual Studio Solution File, Format Version 12.00
# Visual Studio Version 17
VisualStudioVersion = 17.6.33815.320
MinimumVisualStudioVersion = 10.0.40219.1
Project("{FAE04EC0-301F-11D3-BF4B-00C04F79EFBC}") = "Student Management System", "Student Management System\Student Management System.csproj", "{DD10CDA0-FFBD-48DC-B54F-994BE1251064}"
EndProject
Global
	GlobalSection(SolutionConfigurationPlatforms) = preSolution
		Debug|Any CPU = Debug|Any CPU
		Release|Any CPU = Release|Any CPU
	EndGlobalSection
	GlobalSection(ProjectConfigurationPlatforms) = postSolution
		{DD10CDA0-FFBD-48DC-B54F-994BE1251064}.Debug|Any CPU.ActiveCfg = Debug|Any CPU
		{DD10CDA0-FFBD-48DC-B54F-994BE1251064}.Debug|Any CPU.Build.0 = Debug|Any CPU
		{DD10CDA0-FFBD-48DC-B54F-994BE1251064}.Release|Any CPU.ActiveCfg = Release|Any CPU
		{DD10CDA0-FFBD-48DC-B54F-994BE1251064}.Release|Any CPU.Build.0 = Release|Any CPU
	EndGlobalSection
	GlobalSection(SolutionProperties) = preSolution
		HideSolutionNode = FALSE
	EndGlobalSection
	GlobalSection(ExtensibilityGlobals) = postSolution
		SolutionGuid = {4754EC76-9BA9-463E-948F-70DF5252EDC9}
	EndGlobalSection
EndGlobal
